{"filter":false,"title":"Gemfile.lock","tooltip":"/myrottenpotatoes/Gemfile.lock","undoManager":{"mark":-1,"position":-1,"stack":[]},"ace":{"folds":[],"scrolltop":0,"scrollleft":0,"selection":{"start":{"row":0,"column":0},"end":{"row":0,"column":0},"isBackwards":false},"options":{"guessTabSize":true,"useWrapMode":false,"wrapToView":true},"firstLineState":0},"timestamp":1476210024756,"hash":"36545c7647ed2cc0013f1ee6cb5e90a28d5585be"}